<?xml version="1.0" encoding="utf-8"?>
<Project ToolsVersion="4.0" xmlns="http://schemas.microsoft.com/developer/msbuild/2003">
  <ItemGroup>
    <ClCompile Include="components\base_gun.cc" />
    <ClCompile Include="components\cube_movement.cc" />
    <ClCompile Include="components\flying.cc" />
    <ClCompile Include="components\grenade.cpp" />
    <ClCompile Include="components\pick_up.cc" />
    <ClCompile Include="components\player.cc" />
    <ClCompile Include="main.cc" />
    <ClCompile Include="networking\game_packet_defs.cc" />
    <ClCompile Include="networking\network_event_handler.cc" />
    <ClCompile Include="networking_demo.cc" />
    <ClCompile Include="pch.cc" />
    <ClCompile Include="networking\packet_handlers\create_player_packet_handler.cc" />
    <ClCompile Include="components\score_system.cc" />
    <ClCompile Include="networking\network_object_creator.cc" />
    <ClCompile Include="components\line_renderer.cc" />
    <ClCompile Include="networking\packet_handlers\player_ready_packet_handler.cc" />
    <ClCompile Include="components\start_game_listener.cc" />
    <ClCompile Include="components\death_screen.cc" />
  </ItemGroup>
  <ItemGroup>
    <ClInclude Include="components\ambient_audio.h" />
    <ClInclude Include="components\base_gun.h" />
    <ClInclude Include="components\collision_test.h" />
    <ClInclude Include="components\cube_movement.h" />
    <ClInclude Include="components\flying.h" />
    <ClInclude Include="components\fps_counter.h" />
    <ClInclude Include="components\grappling_hook.h" />
    <ClInclude Include="components\grenade.h" />
    <ClInclude Include="components\jump_pad.h" />
    <ClInclude Include="components\output_position_and_rotation.h" />
    <ClInclude Include="components\pick_up.h" />
    <ClInclude Include="components\player.h" />
    <ClInclude Include="components\rotate.h" />
    <ClInclude Include="components\shooting_sound.h" />
    <ClInclude Include="components\tag_component.h" />
    <ClInclude Include="components\target_dummy.h" />
    <ClInclude Include="networking\game_packet_identifiers.h" />
    <ClInclude Include="networking\game_packet_defs.h" />
    <ClInclude Include="networking\network_event_handler.h" />
    <ClInclude Include="networking\network_objects.h" />
    <ClInclude Include="networking_demo.h" />
    <ClInclude Include="pch.h" />
    <ClInclude Include="components\jump_pad.h" />
    <ClInclude Include="components\pick_up.h">
      <Filter>components</Filter>
    </ClInclude>
    <ClInclude Include="networking\packet_handlers\create_player_packet_handler.h" />
    <ClInclude Include="components\death_box.h" />
    <ClInclude Include="components\invoke_timer.h" />
    <ClInclude Include="components\score_system.h" />
    <ClInclude Include="networking\network_object_creator.h" />
    <ClInclude Include="components\line_rederer.h" />
    <ClInclude Include="networking\packet_handlers\player_ready_packet_handler.h" />
    <ClInclude Include="components\start_game_listener.h" />
    <ClInclude Include="components\death_screen.h" />
  </ItemGroup>
</Project>